
Microsoft Visual Studio Solution File, Format Version 12.00
# Visual Studio Version 17
VisualStudioVersion = 17.2.32516.85
MinimumVisualStudioVersion = 10.0.40219.1
Project("{FAE04EC0-301F-11D3-BF4B-00C04F79EFBC}") = "ProblematicCode", "ProblematicCode.csproj", "{A8EEF083-E459-4E4E-BED3-BE0BB131BB4B}"
EndProject
Global
	GlobalSection(SolutionConfigurationPlatforms) = preSolution
		Debug|Any CPU = Debug|Any CPU
		Release|Any CPU = Release|Any CPU
	EndGlobalSection
	GlobalSection(ProjectConfigurationPlatforms) = postSolution
		{A8EEF083-E459-4E4E-BED3-BE0BB131BB4B}.Debug|Any CPU.ActiveCfg = Debug|Any CPU
		{A8EEF083-E459-4E4E-BED3-BE0BB131BB4B}.Debug|Any CPU.Build.0 = Debug|Any CPU
		{A8EEF083-E459-4E4E-BED3-BE0BB131BB4B}.Release|Any CPU.ActiveCfg = Release|Any CPU
		{A8EEF083-E459-4E4E-BED3-BE0BB131BB4B}.Release|Any CPU.Build.0 = Release|Any CPU
	EndGlobalSection
	GlobalSection(SolutionProperties) = preSolution
		HideSolutionNode = FALSE
	EndGlobalSection
	GlobalSection(ExtensibilityGlobals) = postSolution
		SolutionGuid = {7C150F21-A22A-479F-B13E-D2D2ECBB3E2C}
	EndGlobalSection
EndGlobal
